
Microsoft Visual Studio Solution File, Format Version 12.00
# Visual Studio Version 17
VisualStudioVersion = 17.13.35913.81 d17.13
MinimumVisualStudioVersion = 10.0.40219.1
Project("{FAE04EC0-301F-11D3-BF4B-00C04F79EFBC}") = "Cinema_booking_System_OOP", "Cinema_booking_System_OOP\Cinema_booking_System_OOP.csproj", "{92DB57AE-8662-46DB-887E-F30BA489C299}"
EndProject
Global
	GlobalSection(SolutionConfigurationPlatforms) = preSolution
		Debug|Any CPU = Debug|Any CPU
		Release|Any CPU = Release|Any CPU
	EndGlobalSection
	GlobalSection(ProjectConfigurationPlatforms) = postSolution
		{92DB57AE-8662-46DB-887E-F30BA489C299}.Debug|Any CPU.ActiveCfg = Debug|Any CPU
		{92DB57AE-8662-46DB-887E-F30BA489C299}.Debug|Any CPU.Build.0 = Debug|Any CPU
		{92DB57AE-8662-46DB-887E-F30BA489C299}.Release|Any CPU.ActiveCfg = Release|Any CPU
		{92DB57AE-8662-46DB-887E-F30BA489C299}.Release|Any CPU.Build.0 = Release|Any CPU
	EndGlobalSection
	GlobalSection(SolutionProperties) = preSolution
		HideSolutionNode = FALSE
	EndGlobalSection
	GlobalSection(ExtensibilityGlobals) = postSolution
		SolutionGuid = {7766CB19-C626-4326-A381-F87EE9320C18}
	EndGlobalSection
EndGlobal
